
Microsoft Visual Studio Solution File, Format Version 12.00
# Visual Studio Version 16
VisualStudioVersion = 16.0.28803.156
MinimumVisualStudioVersion = 10.0.40219.1
Project("{FAE04EC0-301F-11D3-BF4B-00C04F79EFBC}") = "CCT", "CCT\CCT.csproj", "{F3B0E8E1-B679-401E-AABB-9D879100107F}"
EndProject
Global
	GlobalSection(SolutionConfigurationPlatforms) = preSolution
		Debug|Any CPU = Debug|Any CPU
		Release|Any CPU = Release|Any CPU
	EndGlobalSection
	GlobalSection(ProjectConfigurationPlatforms) = postSolution
		{F3B0E8E1-B679-401E-AABB-9D879100107F}.Debug|Any CPU.ActiveCfg = Debug|Any CPU
		{F3B0E8E1-B679-401E-AABB-9D879100107F}.Debug|Any CPU.Build.0 = Debug|Any CPU
		{F3B0E8E1-B679-401E-AABB-9D879100107F}.Release|Any CPU.ActiveCfg = Release|Any CPU
		{F3B0E8E1-B679-401E-AABB-9D879100107F}.Release|Any CPU.Build.0 = Release|Any CPU
	EndGlobalSection
	GlobalSection(SolutionProperties) = preSolution
		HideSolutionNode = FALSE
	EndGlobalSection
	GlobalSection(ExtensibilityGlobals) = postSolution
		SolutionGuid = {91DFC871-1D13-4CE3-B793-A92462707A62}
	EndGlobalSection
EndGlobal
